
Microsoft Visual Studio Solution File, Format Version 12.00
# Visual Studio Version 16
VisualStudioVersion = 16.0.33328.57
MinimumVisualStudioVersion = 10.0.40219.1
Project("{8BC9CEB8-8B4A-11D0-8D11-00A0C91BC942}") = "vjezbaa6", "vjezbaa6.vcxproj", "{FBB2945C-ED5C-43DB-8E66-39CDE2491921}"
EndProject
Global
	GlobalSection(SolutionConfigurationPlatforms) = preSolution
		Debug|x64 = Debug|x64
		Debug|x86 = Debug|x86
		Release|x64 = Release|x64
		Release|x86 = Release|x86
	EndGlobalSection
	GlobalSection(ProjectConfigurationPlatforms) = postSolution
		{FBB2945C-ED5C-43DB-8E66-39CDE2491921}.Debug|x64.ActiveCfg = Debug|x64
		{FBB2945C-ED5C-43DB-8E66-39CDE2491921}.Debug|x64.Build.0 = Debug|x64
		{FBB2945C-ED5C-43DB-8E66-39CDE2491921}.Debug|x86.ActiveCfg = Debug|Win32
		{FBB2945C-ED5C-43DB-8E66-39CDE2491921}.Debug|x86.Build.0 = Debug|Win32
		{FBB2945C-ED5C-43DB-8E66-39CDE2491921}.Release|x64.ActiveCfg = Release|x64
		{FBB2945C-ED5C-43DB-8E66-39CDE2491921}.Release|x64.Build.0 = Release|x64
		{FBB2945C-ED5C-43DB-8E66-39CDE2491921}.Release|x86.ActiveCfg = Release|Win32
		{FBB2945C-ED5C-43DB-8E66-39CDE2491921}.Release|x86.Build.0 = Release|Win32
	EndGlobalSection
	GlobalSection(SolutionProperties) = preSolution
		HideSolutionNode = FALSE
	EndGlobalSection
	GlobalSection(ExtensibilityGlobals) = postSolution
		SolutionGuid = {D002DEE4-2B55-43F6-84D6-E87CAB968204}
	EndGlobalSection
EndGlobal
